// !$*UTF8*$!
{
	archiveVersion = 1;
	classes = {
	};
	objectVersion = 56;
	objects = {

/* Begin PBXBuildFile section */
		7B6CC4F72B4CA08700A43306 /* ifoodCloneApp.swift in Sources */ = {isa = PBXBuildFile; fileRef = 7B6CC4F62B4CA08700A43306 /* ifoodCloneApp.swift */; };
		7B6CC4F92B4CA08700A43306 /* ContentView.swift in Sources */ = {isa = PBXBuildFile; fileRef = 7B6CC4F82B4CA08700A43306 /* ContentView.swift */; };
		7B6CC4FB2B4CA08800A43306 /* Assets.xcassets in Resources */ = {isa = PBXBuildFile; fileRef = 7B6CC4FA2B4CA08800A43306 /* Assets.xcassets */; };
		7B6CC4FE2B4CA08800A43306 /* Preview Assets.xcassets in Resources */ = {isa = PBXBuildFile; fileRef = 7B6CC4FD2B4CA08800A43306 /* Preview Assets.xcassets */; };
		7B6CC5082B4CA08800A43306 /* ifoodCloneTests.swift in Sources */ = {isa = PBXBuildFile; fileRef = 7B6CC5072B4CA08800A43306 /* ifoodCloneTests.swift */; };
		7B6CC5122B4CA08800A43306 /* ifoodCloneUITests.swift in Sources */ = {isa = PBXBuildFile; fileRef = 7B6CC5112B4CA08800A43306 /* ifoodCloneUITests.swift */; };
		7B6CC5142B4CA08800A43306 /* ifoodCloneUITestsLaunchTests.swift in Sources */ = {isa = PBXBuildFile; fileRef = 7B6CC5132B4CA08800A43306 /* ifoodCloneUITestsLaunchTests.swift */; };
/* End PBXBuildFile section */

/* Begin PBXContainerItemProxy section */
		7B6CC5042B4CA08800A43306 /* PBXContainerItemProxy */ = {
			isa = PBXContainerItemProxy;
			containerPortal = 7B6CC4EB2B4CA08700A43306 /* Project object */;
			proxyType = 1;
			remoteGlobalIDString = 7B6CC4F22B4CA08700A43306;
			remoteInfo = ifoodClone;
		};
		7B6CC50E2B4CA08800A43306 /* PBXContainerItemProxy */ = {
			isa = PBXContainerItemProxy;
			containerPortal = 7B6CC4EB2B4CA08700A43306 /* Project object */;
			proxyType = 1;
			remoteGlobalIDString = 7B6CC4F22B4CA08700A43306;
			remoteInfo = ifoodClone;
		};
/* End PBXContainerItemProxy section */

/* Begin PBXFileReference section */
		7B6CC4F32B4CA08700A43306 /* ifoodClone.app */ = {isa = PBXFileReference; explicitFileType = wrapper.application; includeInIndex = 0; path = ifoodClone.app; sourceTree = BUILT_PRODUCTS_DIR; };
		7B6CC4F62B4CA08700A43306 /* ifoodCloneApp.swift */ = {isa = PBXFileReference; lastKnownFileType = sourcecode.swift; path = ifoodCloneApp.swift; sourceTree = "<group>"; };
		7B6CC4F82B4CA08700A43306 /* ContentView.swift */ = {isa = PBXFileReference; lastKnownFileType = sourcecode.swift; path = ContentView.swift; sourceTree = "<group>"; };
		7B6CC4FA2B4CA08800A43306 /* Assets.xcassets */ = {isa = PBXFileReference; lastKnownFileType = folder.assetcatalog; path = Assets.xcassets; sourceTree = "<group>"; };
		7B6CC4FD2B4CA08800A43306 /* Preview Assets.xcassets */ = {isa = PBXFileReference; lastKnownFileType = folder.assetcatalog; path = "Preview Assets.xcassets"; sourceTree = "<group>"; };
		7B6CC5032B4CA08800A43306 /* ifoodCloneTests.xctest */ = {isa = PBXFileReference; explicitFileType = wrapper.cfbundle; includeInIndex = 0; path = ifoodCloneTests.xctest; sourceTree = BUILT_PRODUCTS_DIR; };
		7B6CC5072B4CA08800A43306 /* ifoodCloneTests.swift */ = {isa = PBXFileReference; lastKnownFileType = sourcecode.swift; path = ifoodCloneTests.swift; sourceTree = "<group>"; };
		7B6CC50D2B4CA08800A43306 /* ifoodCloneUITests.xctest */ = {isa = PBXFileReference; explicitFileType = wrapper.cfbundle; includeInIndex = 0; path = ifoodCloneUITests.xctest; sourceTree = BUILT_PRODUCTS_DIR; };
		7B6CC5112B4CA08800A43306 /* ifoodCloneUITests.swift */ = {isa = PBXFileReference; lastKnownFileType = sourcecode.swift; path = ifoodCloneUITests.swift; sourceTree = "<group>"; };
		7B6CC5132B4CA08800A43306 /* ifoodCloneUITestsLaunchTests.swift */ = {isa = PBXFileReference; lastKnownFileType = sourcecode.swift; path = ifoodCloneUITestsLaunchTests.swift; sourceTree = "<group>"; };
/* End PBXFileReference section */

/* Begin PBXFrameworksBuildPhase section */
		7B6CC4F02B4CA08700A43306 /* Frameworks */ = {
			isa = PBXFrameworksBuildPhase;
			buildActionMask = 2147483647;
			files = (
			);
			runOnlyForDeploymentPostprocessing = 0;
		};
		7B6CC5002B4CA08800A43306 /* Frameworks */ = {
			isa = PBXFrameworksBuildPhase;
			buildActionMask = 2147483647;
			files = (
			);
			runOnlyForDeploymentPostprocessing = 0;
		};
		7B6CC50A2B4CA08800A43306 /* Frameworks */ = {
			isa = PBXFrameworksBuildPhase;
			buildActionMask = 2147483647;
			files = (
			);
			runOnlyForDeploymentPostprocessing = 0;
		};
/* End PBXFrameworksBuildPhase section */

/* Begin PBXGroup section */
		7B6CC4EA2B4CA08700A43306 = {
			isa = PBXGroup;
			children = (
				7B6CC4F52B4CA08700A43306 /* ifoodClone */,
				7B6CC5062B4CA08800A43306 /* ifoodCloneTests */,
				7B6CC5102B4CA08800A43306 /* ifoodCloneUITests */,
				7B6CC4F42B4CA08700A43306 /* Products */,
			);
			sourceTree = "<group>";
		};
		7B6CC4F42B4CA08700A43306 /* Products */ = {
			isa = PBXGroup;
			children = (
				7B6CC4F32B4CA08700A43306 /* ifoodClone.app */,
				7B6CC5032B4CA08800A43306 /* ifoodCloneTests.xctest */,
				7B6CC50D2B4CA08800A43306 /* ifoodCloneUITests.xctest */,
			);
			name = Products;
			sourceTree = "<group>";
		};
		7B6CC4F52B4CA08700A43306 /* ifoodClone */ = {
			isa = PBXGroup;
			children = (
				7B6CC4F62B4CA08700A43306 /* ifoodCloneApp.swift */,
				7B6CC4F82B4CA08700A43306 /* ContentView.swift */,
				7B6CC4FA2B4CA08800A43306 /* Assets.xcassets */,
				7B6CC4FC2B4CA08800A43306 /* Preview Content */,
			);
			path = ifoodClone;
			sourceTree = "<group>";
		};
		7B6CC4FC2B4CA08800A43306 /* Preview Content */ = {
			isa = PBXGroup;
			children = (
				7B6CC4FD2B4CA08800A43306 /* Preview Assets.xcassets */,
			);
			path = "Preview Content";
			sourceTree = "<group>";
		};
		7B6CC5062B4CA08800A43306 /* ifoodCloneTests */ = {
			isa = PBXGroup;
			children = (
				7B6CC5072B4CA08800A43306 /* ifoodCloneTests.swift */,
			);
			path = ifoodCloneTests;
			sourceTree = "<group>";
		};
		7B6CC5102B4CA08800A43306 /* ifoodCloneUITests */ = {
			isa = PBXGroup;
			children = (
				7B6CC5112B4CA08800A43306 /* ifoodCloneUITests.swift */,
				7B6CC5132B4CA08800A43306 /* ifoodCloneUITestsLaunchTests.swift */,
			);
			path = ifoodCloneUITests;
			sourceTree = "<group>";
		};
/* End PBXGroup section */

/* Begin PBXNativeTarget section */
		7B6CC4F22B4CA08700A43306 /* ifoodClone */ = {
			isa = PBXNativeTarget;
			buildConfigurationList = 7B6CC5172B4CA08800A43306 /* Build configuration list for PBXNativeTarget "ifoodClone" */;
			buildPhases = (
				7B6CC4EF2B4CA08700A43306 /* Sources */,
				7B6CC4F02B4CA08700A43306 /* Frameworks */,
				7B6CC4F12B4CA08700A43306 /* Resources */,
			);
			buildRules = (
			);
			dependencies = (
			);
			name = ifoodClone;
			productName = ifoodClone;
			productReference = 7B6CC4F32B4CA08700A43306 /* ifoodClone.app */;
			productType = "com.apple.product-type.application";
		};
		7B6CC5022B4CA08800A43306 /* ifoodCloneTests */ = {
			isa = PBXNativeTarget;
			buildConfigurationList = 7B6CC51A2B4CA08800A43306 /* Build configuration list for PBXNativeTarget "ifoodCloneTests" */;
			buildPhases = (
				7B6CC4FF2B4CA08800A43306 /* Sources */,
				7B6CC5002B4CA08800A43306 /* Frameworks */,
				7B6CC5012B4CA08800A43306 /* Resources */,
			);
			buildRules = (
			);
			dependencies = (
				7B6CC5052B4CA08800A43306 /* PBXTargetDependency */,
			);
			name = ifoodCloneTests;
			productName = ifoodCloneTests;
			productReference = 7B6CC5032B4CA08800A43306 /* ifoodCloneTests.xctest */;
			productType = "com.apple.product-type.bundle.unit-test";
		};
		7B6CC50C2B4CA08800A43306 /* ifoodCloneUITests */ = {
			isa = PBXNativeTarget;
			buildConfigurationList = 7B6CC51D2B4CA08800A43306 /* Build configuration list for PBXNativeTarget "ifoodCloneUITests" */;
			buildPhases = (
				7B6CC5092B4CA08800A43306 /* Sources */,
				7B6CC50A2B4CA08800A43306 /* Frameworks */,
				7B6CC50B2B4CA08800A43306 /* Resources */,
			);
			buildRules = (
			);
			dependencies = (
				7B6CC50F2B4CA08800A43306 /* PBXTargetDependency */,
			);
			name = ifoodCloneUITests;
			productName = ifoodCloneUITests;
			productReference = 7B6CC50D2B4CA08800A43306 /* ifoodCloneUITests.xctest */;
			productType = "com.apple.product-type.bundle.ui-testing";
		};
/* End PBXNativeTarget section */

/* Begin PBXProject section */
		7B6CC4EB2B4CA08700A43306 /* Project object */ = {
			isa = PBXProject;
			attributes = {
				BuildIndependentTargetsInParallel = 1;
				LastSwiftUpdateCheck = 1510;
				LastUpgradeCheck = 1510;
				TargetAttributes = {
					7B6CC4F22B4CA08700A43306 = {
						CreatedOnToolsVersion = 15.1;
					};
					7B6CC5022B4CA08800A43306 = {
						CreatedOnToolsVersion = 15.1;
						TestTargetID = 7B6CC4F22B4CA08700A43306;
					};
					7B6CC50C2B4CA08800A43306 = {
						CreatedOnToolsVersion = 15.1;
						TestTargetID = 7B6CC4F22B4CA08700A43306;
					};
				};
			};
			buildConfigurationList = 7B6CC4EE2B4CA08700A43306 /* Build configuration list for PBXProject "ifoodClone" */;
			compatibilityVersion = "Xcode 14.0";
			developmentRegion = en;
			hasScannedForEncodings = 0;
			knownRegions = (
				en,
				Base,
			);
			mainGroup = 7B6CC4EA2B4CA08700A43306;
			productRefGroup = 7B6CC4F42B4CA08700A43306 /* Products */;
			projectDirPath = "";
			projectRoot = "";
			targets = (
				7B6CC4F22B4CA08700A43306 /* ifoodClone */,
				7B6CC5022B4CA08800A43306 /* ifoodCloneTests */,
				7B6CC50C2B4CA08800A43306 /* ifoodCloneUITests */,
			);
		};
/* End PBXProject section */

/* Begin PBXResourcesBuildPhase section */
		7B6CC4F12B4CA08700A43306 /* Resources */ = {
			isa = PBXResourcesBuildPhase;
			buildActionMask = 2147483647;
			files = (
				7B6CC4FE2B4CA08800A43306 /* Preview Assets.xcassets in Resources */,
				7B6CC4FB2B4CA08800A43306 /* Assets.xcassets in Resources */,
			);
			runOnlyForDeploymentPostprocessing = 0;
		};
		7B6CC5012B4CA08800A43306 /* Resources */ = {
			isa = PBXResourcesBuildPhase;
			buildActionMask = 2147483647;
			files = (
			);
			runOnlyForDeploymentPostprocessing = 0;
		};
		7B6CC50B2B4CA08800A43306 /* Resources */ = {
			isa = PBXResourcesBuildPhase;
			buildActionMask = 2147483647;
			files = (
			);
			runOnlyForDeploymentPostprocessing = 0;
		};
/* End PBXResourcesBuildPhase section */

/* Begin PBXSourcesBuildPhase section */
		7B6CC4EF2B4CA08700A43306 /* Sources */ = {
			isa = PBXSourcesBuildPhase;
			buildActionMask = 2147483647;
			files = (
				7B6CC4F92B4CA08700A43306 /* ContentView.swift in Sources */,
				7B6CC4F72B4CA08700A43306 /* ifoodCloneApp.swift in Sources */,
			);
			runOnlyForDeploymentPostprocessing = 0;
		};
		7B6CC4FF2B4CA08800A43306 /* Sources */ = {
			isa = PBXSourcesBuildPhase;
			buildActionMask = 2147483647;
			files = (
				7B6CC5082B4CA08800A43306 /* ifoodCloneTests.swift in Sources */,
			);
			runOnlyForDeploymentPostprocessing = 0;
		};
		7B6CC5092B4CA08800A43306 /* Sources */ = {
			isa = PBXSourcesBuildPhase;
			buildActionMask = 2147483647;
			files = (
				7B6CC5142B4CA08800A43306 /* ifoodCloneUITestsLaunchTests.swift in Sources */,
				7B6CC5122B4CA08800A43306 /* ifoodCloneUITests.swift in Sources */,
			);
			runOnlyForDeploymentPostprocessing = 0;
		};
/* End PBXSourcesBuildPhase section */

/* Begin PBXTargetDependency section */
		7B6CC5052B4CA08800A43306 /* PBXTargetDependency */ = {
			isa = PBXTargetDependency;
			target = 7B6CC4F22B4CA08700A43306 /* ifoodClone */;
			targetProxy = 7B6CC5042B4CA08800A43306 /* PBXContainerItemProxy */;
		};
		7B6CC50F2B4CA08800A43306 /* PBXTargetDependency */ = {
			isa = PBXTargetDependency;
			target = 7B6CC4F22B4CA08700A43306 /* ifoodClone */;
			targetProxy = 7B6CC50E2B4CA08800A43306 /* PBXContainerItemProxy */;
		};
/* End PBXTargetDependency section */

/* Begin XCBuildConfiguration section */
		7B6CC5152B4CA08800A43306 /* Debug */ = {
			isa = XCBuildConfiguration;
			buildSettings = {
				ALWAYS_SEARCH_USER_PATHS = NO;
				ASSETCATALOG_COMPILER_GENERATE_SWIFT_ASSET_SYMBOL_EXTENSIONS = YES;
				CLANG_ANALYZER_NONNULL = YES;
				CLANG_ANALYZER_NUMBER_OBJECT_CONVERSION = YES_AGGRESSIVE;
				CLANG_CXX_LANGUAGE_STANDARD = "gnu++20";
				CLANG_ENABLE_MODULES = YES;
				CLANG_ENABLE_OBJC_ARC = YES;
				CLANG_ENABLE_OBJC_WEAK = YES;
				CLANG_WARN_BLOCK_CAPTURE_AUTORELEASING = YES;
				CLANG_WARN_BOOL_CONVERSION = YES;
				CLANG_WARN_COMMA = YES;
				CLANG_WARN_CONSTANT_CONVERSION = YES;
				CLANG_WARN_DEPRECATED_OBJC_IMPLEMENTATIONS = YES;
				CLANG_WARN_DIRECT_OBJC_ISA_USAGE = YES_ERROR;
				CLANG_WARN_DOCUMENTATION_COMMENTS = YES;
				CLANG_WARN_EMPTY_BODY = YES;
				CLANG_WARN_ENUM_CONVERSION = YES;
				CLANG_WARN_INFINITE_RECURSION = YES;
				CLANG_WARN_INT_CONVERSION = YES;
				CLANG_WARN_NON_LITERAL_NULL_CONVERSION = YES;
				CLANG_WARN_OBJC_IMPLICIT_RETAIN_SELF = YES;
				CLANG_WARN_OBJC_LITERAL_CONVERSION = YES;
				CLANG_WARN_OBJC_ROOT_CLASS = YES_ERROR;
				CLANG_WARN_QUOTED_INCLUDE_IN_FRAMEWORK_HEADER = YES;
				CLANG_WARN_RANGE_LOOP_ANALYSIS = YES;
				CLANG_WARN_STRICT_PROTOTYPES = YES;
				CLANG_WARN_SUSPICIOUS_MOVE = YES;
				CLANG_WARN_UNGUARDED_AVAILABILITY = YES_AGGRESSIVE;
				CLANG_WARN_UNREACHABLE_CODE = YES;
				CLANG_WARN__DUPLICATE_METHOD_MATCH = YES;
				COPY_PHASE_STRIP = NO;
				DEBUG_INFORMATION_FORMAT = dwarf;
				ENABLE_STRICT_OBJC_MSGSEND = YES;
				ENABLE_TESTABILITY = YES;
				ENABLE_USER_SCRIPT_SANDBOXING = YES;
				GCC_C_LANGUAGE_STANDARD = gnu17;
				GCC_DYNAMIC_NO_PIC = NO;
				GCC_NO_COMMON_BLOCKS = YES;
				GCC_OPTIMIZATION_LEVEL = 0;
				GCC_PREPROCESSOR_DEFINITIONS = (
					"DEBUG=1",
					"$(inherited)",
				);
				GCC_WARN_64_TO_32_BIT_CONVERSION = YES;
				GCC_WARN_ABOUT_RETURN_TYPE = YES_ERROR;
				GCC_WARN_UNDECLARED_SELECTOR = YES;
				GCC_WARN_UNINITIALIZED_AUTOS = YES_AGGRESSIVE;
				GCC_WARN_UNUSED_FUNCTION = YES;
				GCC_WARN_UNUSED_VARIABLE = YES;
				IPHONEOS_DEPLOYMENT_TARGET = 17.2;
				LOCALIZATION_PREFERS_STRING_CATALOGS = YES;
				MTL_ENABLE_DEBUG_INFO = INCLUDE_SOURCE;
				MTL_FAST_MATH = YES;
				ONLY_ACTIVE_ARCH = YES;
				SDKROOT = iphoneos;
				SWIFT_ACTIVE_COMPILATION_CONDITIONS = "DEBUG $(inherited)";
				SWIFT_OPTIMIZATION_LEVEL = "-Onone";
			};
			name = Debug;
		};
		7B6CC5162B4CA08800A43306 /* Release */ = {
			isa = XCBuildConfiguration;
			buildSettings = {
				ALWAYS_SEARCH_USER_PATHS = NO;
				ASSETCATALOG_COMPILER_GENERATE_SWIFT_ASSET_SYMBOL_EXTENSIONS = YES;
				CLANG_ANALYZER_NONNULL = YES;
				CLANG_ANALYZER_NUMBER_OBJECT_CONVERSION = YES_AGGRESSIVE;
				CLANG_CXX_LANGUAGE_STANDARD = "gnu++20";
				CLANG_ENABLE_MODULES = YES;
				CLANG_ENABLE_OBJC_ARC = YES;
				CLANG_ENABLE_OBJC_WEAK = YES;
				CLANG_WARN_BLOCK_CAPTURE_AUTORELEASING = YES;
				CLANG_WARN_BOOL_CONVERSION = YES;
				CLANG_WARN_COMMA = YES;
				CLANG_WARN_CONSTANT_CONVERSION = YES;
				CLANG_WARN_DEPRECATED_OBJC_IMPLEMENTATIONS = YES;
				CLANG_WARN_DIRECT_OBJC_ISA_USAGE = YES_ERROR;
				CLANG_WARN_DOCUMENTATION_COMMENTS = YES;
				CLANG_WARN_EMPTY_BODY = YES;
				CLANG_WARN_ENUM_CONVERSION = YES;
				CLANG_WARN_INFINITE_RECURSION = YES;
				CLANG_WARN_INT_CONVERSION = YES;
				CLANG_WARN_NON_LITERAL_NULL_CONVERSION = YES;
				CLANG_WARN_OBJC_IMPLICIT_RETAIN_SELF = YES;
				CLANG_WARN_OBJC_LITERAL_CONVERSION = YES;
				CLANG_WARN_OBJC_ROOT_CLASS = YES_ERROR;
				CLANG_WARN_QUOTED_INCLUDE_IN_FRAMEWORK_HEADER = YES;
				CLANG_WARN_RANGE_LOOP_ANALYSIS = YES;
				CLANG_WARN_STRICT_PROTOTYPES = YES;
				CLANG_WARN_SUSPICIOUS_MOVE = YES;
				CLANG_WARN_UNGUARDED_AVAILABILITY = YES_AGGRESSIVE;
				CLANG_WARN_UNREACHABLE_CODE = YES;
				CLANG_WARN__DUPLICATE_METHOD_MATCH = YES;
				COPY_PHASE_STRIP = NO;
				DEBUG_INFORMATION_FORMAT = "dwarf-with-dsym";
				ENABLE_NS_ASSERTIONS = NO;
				ENABLE_STRICT_OBJC_MSGSEND = YES;
				ENABLE_USER_SCRIPT_SANDBOXING = YES;
				GCC_C_LANGUAGE_STANDARD = gnu17;
				GCC_NO_COMMON_BLOCKS = YES;
				GCC_WARN_64_TO_32_BIT_CONVERSION = YES;
				GCC_WARN_ABOUT_RETURN_TYPE = YES_ERROR;
				GCC_WARN_UNDECLARED_SELECTOR = YES;
				GCC_WARN_UNINITIALIZED_AUTOS = YES_AGGRESSIVE;
				GCC_WARN_UNUSED_FUNCTION = YES;
				GCC_WARN_UNUSED_VARIABLE = YES;
				IPHONEOS_DEPLOYMENT_TARGET = 17.2;
				LOCALIZATION_PREFERS_STRING_CATALOGS = YES;
				MTL_ENABLE_DEBUG_INFO = NO;
				MTL_FAST_MATH = YES;
				SDKROOT = iphoneos;
				SWIFT_COMPILATION_MODE = wholemodule;
				VALIDATE_PRODUCT = YES;
			};
			name = Release;
		};
		7B6CC5182B4CA08800A43306 /* Debug */ = {
			isa = XCBuildConfiguration;
			buildSettings = {
				ASSETCATALOG_COMPILER_APPICON_NAME = AppIcon;
				ASSETCATALOG_COMPILER_GLOBAL_ACCENT_COLOR_NAME = AccentColor;
				CODE_SIGN_STYLE = Automatic;
				CURRENT_PROJECT_VERSION = 1;
				DEVELOPMENT_ASSET_PATHS = "\"ifoodClone/Preview Content\"";
				ENABLE_PREVIEWS = YES;
				GENERATE_INFOPLIST_FILE = YES;
				INFOPLIST_KEY_UIApplicationSceneManifest_Generation = YES;
				INFOPLIST_KEY_UIApplicationSupportsIndirectInputEvents = YES;
				INFOPLIST_KEY_UILaunchScreen_Generation = YES;
				INFOPLIST_KEY_UISupportedInterfaceOrientations_iPad = "UIInterfaceOrientationPortrait UIInterfaceOrientationPortraitUpsideDown UIInterfaceOrientationLandscapeLeft UIInterfaceOrientationLandscapeRight";
				INFOPLIST_KEY_UISupportedInterfaceOrientations_iPhone = "UIInterfaceOrientationPortrait UIInterfaceOrientationLandscapeLeft UIInterfaceOrientationLandscapeRight";
				LD_RUNPATH_SEARCH_PATHS = (
					"$(inherited)",
					"@executable_path/Frameworks",
				);
				MARKETING_VERSION = 1.0;
				PRODUCT_BUNDLE_IDENTIFIER = lucas.ifoodClone;
				PRODUCT_NAME = "$(TARGET_NAME)";
				SWIFT_EMIT_LOC_STRINGS = YES;
				SWIFT_VERSION = 5.0;
				TARGETED_DEVICE_FAMILY = "1,2";
			};
			name = Debug;
		};
		7B6CC5192B4CA08800A43306 /* Release */ = {
			isa = XCBuildConfiguration;
			buildSettings = {
				ASSETCATALOG_COMPILER_APPICON_NAME = AppIcon;
				ASSETCATALOG_COMPILER_GLOBAL_ACCENT_COLOR_NAME = AccentColor;
				CODE_SIGN_STYLE = Automatic;
				CURRENT_PROJECT_VERSION = 1;
				DEVELOPMENT_ASSET_PATHS = "\"ifoodClone/Preview Content\"";
				ENABLE_PREVIEWS = YES;
				GENERATE_INFOPLIST_FILE = YES;
				INFOPLIST_KEY_UIApplicationSceneManifest_Generation = YES;
				INFOPLIST_KEY_UIApplicationSupportsIndirectInputEvents = YES;
				INFOPLIST_KEY_UILaunchScreen_Generation = YES;
				INFOPLIST_KEY_UISupportedInterfaceOrientations_iPad = "UIInterfaceOrientationPortrait UIInterfaceOrientationPortraitUpsideDown UIInterfaceOrientationLandscapeLeft UIInterfaceOrientationLandscapeRight";
				INFOPLIST_KEY_UISupportedInterfaceOrientations_iPhone = "UIInterfaceOrientationPortrait UIInterfaceOrientationLandscapeLeft UIInterfaceOrientationLandscapeRight";
				LD_RUNPATH_SEARCH_PATHS = (
					"$(inherited)",
					"@executable_path/Frameworks",
				);
				MARKETING_VERSION = 1.0;
				PRODUCT_BUNDLE_IDENTIFIER = lucas.ifoodClone;
				PRODUCT_NAME = "$(TARGET_NAME)";
				SWIFT_EMIT_LOC_STRINGS = YES;
				SWIFT_VERSION = 5.0;
				TARGETED_DEVICE_FAMILY = "1,2";
			};
			name = Release;
		};
		7B6CC51B2B4CA08800A43306 /* Debug */ = {
			isa = XCBuildConfiguration;
			buildSettings = {
				ALWAYS_EMBED_SWIFT_STANDARD_LIBRARIES = YES;
				BUNDLE_LOADER = "$(TEST_HOST)";
				CODE_SIGN_STYLE = Automatic;
				CURRENT_PROJECT_VERSION = 1;
				GENERATE_INFOPLIST_FILE = YES;
				IPHONEOS_DEPLOYMENT_TARGET = 17.2;
				MARKETING_VERSION = 1.0;
				PRODUCT_BUNDLE_IDENTIFIER = lucas.ifoodCloneTests;
				PRODUCT_NAME = "$(TARGET_NAME)";
				SWIFT_EMIT_LOC_STRINGS = NO;
				SWIFT_VERSION = 5.0;
				TARGETED_DEVICE_FAMILY = "1,2";
				TEST_HOST = "$(BUILT_PRODUCTS_DIR)/ifoodClone.app/$(BUNDLE_EXECUTABLE_FOLDER_PATH)/ifoodClone";
			};
			name = Debug;
		};
		7B6CC51C2B4CA08800A43306 /* Release */ = {
			isa = XCBuildConfiguration;
			buildSettings = {
				ALWAYS_EMBED_SWIFT_STANDARD_LIBRARIES = YES;
				BUNDLE_LOADER = "$(TEST_HOST)";
				CODE_SIGN_STYLE = Automatic;
				CURRENT_PROJECT_VERSION = 1;
				GENERATE_INFOPLIST_FILE = YES;
				IPHONEOS_DEPLOYMENT_TARGET = 17.2;
				MARKETING_VERSION = 1.0;
				PRODUCT_BUNDLE_IDENTIFIER = lucas.ifoodCloneTests;
				PRODUCT_NAME = "$(TARGET_NAME)";
				SWIFT_EMIT_LOC_STRINGS = NO;
				SWIFT_VERSION = 5.0;
				TARGETED_DEVICE_FAMILY = "1,2";
				TEST_HOST = "$(BUILT_PRODUCTS_DIR)/ifoodClone.app/$(BUNDLE_EXECUTABLE_FOLDER_PATH)/ifoodClone";
			};
			name = Release;
		};
		7B6CC51E2B4CA08800A43306 /* Debug */ = {
			isa = XCBuildConfiguration;
			buildSettings = {
				ALWAYS_EMBED_SWIFT_STANDARD_LIBRARIES = YES;
				CODE_SIGN_STYLE = Automatic;
				CURRENT_PROJECT_VERSION = 1;
				GENERATE_INFOPLIST_FILE = YES;
				MARKETING_VERSION = 1.0;
				PRODUCT_BUNDLE_IDENTIFIER = lucas.ifoodCloneUITests;
				PRODUCT_NAME = "$(TARGET_NAME)";
				SWIFT_EMIT_LOC_STRINGS = NO;
				SWIFT_VERSION = 5.0;
				TARGETED_DEVICE_FAMILY = "1,2";
				TEST_TARGET_NAME = ifoodClone;
			};
			name = Debug;
		};
		7B6CC51F2B4CA08800A43306 /* Release */ = {
			isa = XCBuildConfiguration;
			buildSettings = {
				ALWAYS_EMBED_SWIFT_STANDARD_LIBRARIES = YES;
				CODE_SIGN_STYLE = Automatic;
				CURRENT_PROJECT_VERSION = 1;
				GENERATE_INFOPLIST_FILE = YES;
				MARKETING_VERSION = 1.0;
				PRODUCT_BUNDLE_IDENTIFIER = lucas.ifoodCloneUITests;
				PRODUCT_NAME = "$(TARGET_NAME)";
				SWIFT_EMIT_LOC_STRINGS = NO;
				SWIFT_VERSION = 5.0;
				TARGETED_DEVICE_FAMILY = "1,2";
				TEST_TARGET_NAME = ifoodClone;
			};
			name = Release;
		};
/* End XCBuildConfiguration section */

/* Begin XCConfigurationList section */
		7B6CC4EE2B4CA08700A43306 /* Build configuration list for PBXProject "ifoodClone" */ = {
			isa = XCConfigurationList;
			buildConfigurations = (
				7B6CC5152B4CA08800A43306 /* Debug */,
				7B6CC5162B4CA08800A43306 /* Release */,
			);
			defaultConfigurationIsVisible = 0;
			defaultConfigurationName = Release;
		};
		7B6CC5172B4CA08800A43306 /* Build configuration list for PBXNativeTarget "ifoodClone" */ = {
			isa = XCConfigurationList;
			buildConfigurations = (
				7B6CC5182B4CA08800A43306 /* Debug */,
				7B6CC5192B4CA08800A43306 /* Release */,
			);
			defaultConfigurationIsVisible = 0;
			defaultConfigurationName = Release;
		};
		7B6CC51A2B4CA08800A43306 /* Build configuration list for PBXNativeTarget "ifoodCloneTests" */ = {
			isa = XCConfigurationList;
			buildConfigurations = (
				7B6CC51B2B4CA08800A43306 /* Debug */,
				7B6CC51C2B4CA08800A43306 /* Release */,
			);
			defaultConfigurationIsVisible = 0;
			defaultConfigurationName = Release;
		};
		7B6CC51D2B4CA08800A43306 /* Build configuration list for PBXNativeTarget "ifoodCloneUITests" */ = {
			isa = XCConfigurationList;
			buildConfigurations = (
				7B6CC51E2B4CA08800A43306 /* Debug */,
				7B6CC51F2B4CA08800A43306 /* Release */,
			);
			defaultConfigurationIsVisible = 0;
			defaultConfigurationName = Release;
		};
/* End XCConfigurationList section */
	};
	rootObject = 7B6CC4EB2B4CA08700A43306 /* Project object */;
}
